
Microsoft Visual Studio Solution File, Format Version 12.00
# Visual Studio Version 16
VisualStudioVersion = 16.0.30309.148
MinimumVisualStudioVersion = 10.0.40219.1
Project("{FAE04EC0-301F-11D3-BF4B-00C04F79EFBC}") = "Labrunning", "Labrunning\Labrunning.csproj", "{5DCCD09C-6C94-4F10-91D2-F173D091754E}"
EndProject
Global
	GlobalSection(SolutionConfigurationPlatforms) = preSolution
		Debug|x64 = Debug|x64
		Release|x64 = Release|x64
		RogerFK|x64 = RogerFK|x64
	EndGlobalSection
	GlobalSection(ProjectConfigurationPlatforms) = postSolution
		{5DCCD09C-6C94-4F10-91D2-F173D091754E}.Debug|x64.ActiveCfg = Debug|x64
		{5DCCD09C-6C94-4F10-91D2-F173D091754E}.Debug|x64.Build.0 = Debug|x64
		{5DCCD09C-6C94-4F10-91D2-F173D091754E}.Release|x64.ActiveCfg = Release|x64
		{5DCCD09C-6C94-4F10-91D2-F173D091754E}.Release|x64.Build.0 = Release|x64
		{5DCCD09C-6C94-4F10-91D2-F173D091754E}.RogerFK|x64.ActiveCfg = RogerFK|Any CPU
		{5DCCD09C-6C94-4F10-91D2-F173D091754E}.RogerFK|x64.Build.0 = RogerFK|x64
	EndGlobalSection
	GlobalSection(SolutionProperties) = preSolution
		HideSolutionNode = FALSE
	EndGlobalSection
	GlobalSection(ExtensibilityGlobals) = postSolution
		SolutionGuid = {69A06033-A7DE-47D7-91A1-88D2C95BBBAA}
	EndGlobalSection
EndGlobal
